{
  "name": "writer-rewriter-api-playground",
  "version": "1.0.0",
  "lockfileVersion": 3,
  "requires": true,
  "packages": {
    "": {
      "name": "writer-rewriter-api-playground",
      "version": "1.0.0",
      "license": "ISC",
      "devDependencies": {
        "https-server": "^0.1.2"
      }
    },
    "node_modules/https-server": {
      "version": "0.1.2",
      "resolved": "https://registry.npmjs.org/https-server/-/https-server-0.1.2.tgz",
      "integrity": "sha512-jmSTcw4eZxGQllYkJQm1NY65wzzHL2iCZFbOgnexBtYi+oeamLfY/zwc4nHKuEi8Wy16+V2QQTUN9L7sNBh+dw==",
      "dev": true
    }
  }
}
